// !$*UTF8*$!
{
	archiveVersion = 1;
	classes = {
	};
	objectVersion = 51;
	objects = {

/* Begin PBXBuildFile section */
		030B8F9923596A1400A5AA36 /* FeedLowHomePageViewController.swift in Sources */ = {isa = PBXBuildFile; fileRef = 030B8F9823596A1400A5AA36 /* FeedLowHomePageViewController.swift */; };
		0364F6422359B45400308722 /* RecommendPageViewController.swift in Sources */ = {isa = PBXBuildFile; fileRef = 0364F6412359B45400308722 /* RecommendPageViewController.swift */; };
		0364F645235D5AC800308722 /* FeedLowDataCenter.swift in Sources */ = {isa = PBXBuildFile; fileRef = 0364F644235D5AC800308722 /* FeedLowDataCenter.swift */; };
		0364F64E235DDC0D00308722 /* LLViewExtensions.swift in Sources */ = {isa = PBXBuildFile; fileRef = 0364F647235DDC0C00308722 /* LLViewExtensions.swift */; };
		0364F64F235DDC0D00308722 /* LLPillPageControl.swift in Sources */ = {isa = PBXBuildFile; fileRef = 0364F648235DDC0C00308722 /* LLPillPageControl.swift */; };
		0364F650235DDC0D00308722 /* LLCycleScrollView.swift in Sources */ = {isa = PBXBuildFile; fileRef = 0364F649235DDC0C00308722 /* LLCycleScrollView.swift */; };
		0364F651235DDC0D00308722 /* LLSnakePageControl.swift in Sources */ = {isa = PBXBuildFile; fileRef = 0364F64A235DDC0C00308722 /* LLSnakePageControl.swift */; };
		0364F652235DDC0D00308722 /* LLCycleScrollViewCell.swift in Sources */ = {isa = PBXBuildFile; fileRef = 0364F64B235DDC0C00308722 /* LLCycleScrollViewCell.swift */; };
		0364F653235DDC0D00308722 /* LLFilledPageControl.swift in Sources */ = {isa = PBXBuildFile; fileRef = 0364F64C235DDC0C00308722 /* LLFilledPageControl.swift */; };
		0364F654235DDC0D00308722 /* LLImagePageControl.swift in Sources */ = {isa = PBXBuildFile; fileRef = 0364F64D235DDC0C00308722 /* LLImagePageControl.swift */; };
		0364F657235EA63C00308722 /* DataCenterModeles.swift in Sources */ = {isa = PBXBuildFile; fileRef = 0364F656235EA63C00308722 /* DataCenterModeles.swift */; };
		0364F65B235EA69000308722 /* ArrayExtension.swift in Sources */ = {isa = PBXBuildFile; fileRef = 0364F65A235EA69000308722 /* ArrayExtension.swift */; };
		0364F65D235EB16000308722 /* DataCenter.swift in Sources */ = {isa = PBXBuildFile; fileRef = 0364F65C235EB16000308722 /* DataCenter.swift */; };
		0364F660235EDA3100308722 /* FeedLowCell.swift in Sources */ = {isa = PBXBuildFile; fileRef = 0364F65F235EDA3100308722 /* FeedLowCell.swift */; };
		0364F66B235EE1E000308722 /* UICollectionView+Reusable.swift in Sources */ = {isa = PBXBuildFile; fileRef = 0364F663235EE1E000308722 /* UICollectionView+Reusable.swift */; };
		0364F66C235EE1E000308722 /* Reusable.swift in Sources */ = {isa = PBXBuildFile; fileRef = 0364F664235EE1E000308722 /* Reusable.swift */; };
		0364F66D235EE1E000308722 /* UITableView+Reusable.swift in Sources */ = {isa = PBXBuildFile; fileRef = 0364F665235EE1E000308722 /* UITableView+Reusable.swift */; };
		0364F66E235EE1E000308722 /* NibLoadable.swift in Sources */ = {isa = PBXBuildFile; fileRef = 0364F666235EE1E000308722 /* NibLoadable.swift */; };
		0364F66F235EE1E000308722 /* NibOwnerLoadable.swift in Sources */ = {isa = PBXBuildFile; fileRef = 0364F667235EE1E000308722 /* NibOwnerLoadable.swift */; };
		0364F670235EE1E000308722 /* StoryboardSceneBased.swift in Sources */ = {isa = PBXBuildFile; fileRef = 0364F669235EE1E000308722 /* StoryboardSceneBased.swift */; };
		0364F671235EE1E000308722 /* StoryboardBased.swift in Sources */ = {isa = PBXBuildFile; fileRef = 0364F66A235EE1E000308722 /* StoryboardBased.swift */; };
		0364F673235EE53200308722 /* LayoutDefine.swift in Sources */ = {isa = PBXBuildFile; fileRef = 0364F672235EE53200308722 /* LayoutDefine.swift */; };
		0364F6892360213700308722 /* ChannelUnitModel.m in Sources */ = {isa = PBXBuildFile; fileRef = 0364F6822360213600308722 /* ChannelUnitModel.m */; };
		0364F68A2360213700308722 /* TouchView.m in Sources */ = {isa = PBXBuildFile; fileRef = 0364F6832360213600308722 /* TouchView.m */; };
		0364F68B2360213700308722 /* ChannelEditController.m in Sources */ = {isa = PBXBuildFile; fileRef = 0364F6862360213600308722 /* ChannelEditController.m */; };
		0364F690236025B400308722 /* ChannelModelCreater.swift in Sources */ = {isa = PBXBuildFile; fileRef = 0364F68F236025B400308722 /* ChannelModelCreater.swift */; };
		0364F6962360279F00308722 /* FeedLowHomeChannelConfig.swift in Sources */ = {isa = PBXBuildFile; fileRef = 0364F6952360279F00308722 /* FeedLowHomeChannelConfig.swift */; };
		68839871BC4E494CA9409C69 /* Pods_HXPageViewController.framework in Frameworks */ = {isa = PBXBuildFile; fileRef = 19528DCC29EE44B3B4CED405 /* Pods_HXPageViewController.framework */; };
		AA32AE3921E89EA500516BAE /* DemoChildPageViewController.swift in Sources */ = {isa = PBXBuildFile; fileRef = AA32AE3821E89EA500516BAE /* DemoChildPageViewController.swift */; };
		AA64C21F21E4443C00A24C71 /* DemoLoadMoreViewController.swift in Sources */ = {isa = PBXBuildFile; fileRef = AA64C21E21E4443C00A24C71 /* DemoLoadMoreViewController.swift */; };
		AA64C22121E4575D00A24C71 /* DemoTabBarViewController.swift in Sources */ = {isa = PBXBuildFile; fileRef = AA64C22021E4575D00A24C71 /* DemoTabBarViewController.swift */; };
		AA64C22321E45B3E00A24C71 /* HXPageTabBar.swift in Sources */ = {isa = PBXBuildFile; fileRef = AA64C22221E45B3E00A24C71 /* HXPageTabBar.swift */; };
		AA66977321E344790078B4AA /* AppDelegate.swift in Sources */ = {isa = PBXBuildFile; fileRef = AA66977221E344790078B4AA /* AppDelegate.swift */; };
		AA66977821E344790078B4AA /* Main.storyboard in Resources */ = {isa = PBXBuildFile; fileRef = AA66977621E344790078B4AA /* Main.storyboard */; };
		AA66977A21E3447A0078B4AA /* Assets.xcassets in Resources */ = {isa = PBXBuildFile; fileRef = AA66977921E3447A0078B4AA /* Assets.xcassets */; };
		AA66977D21E3447A0078B4AA /* LaunchScreen.storyboard in Resources */ = {isa = PBXBuildFile; fileRef = AA66977B21E3447A0078B4AA /* LaunchScreen.storyboard */; };
		AA66978521E346D10078B4AA /* DemoContainerViewController.swift in Sources */ = {isa = PBXBuildFile; fileRef = AA66978421E346D10078B4AA /* DemoContainerViewController.swift */; };
		AA66978721E3470D0078B4AA /* HXPageContainer.swift in Sources */ = {isa = PBXBuildFile; fileRef = AA66978621E3470D0078B4AA /* HXPageContainer.swift */; };
		AA66978A21E347D80078B4AA /* HXPageContentView.swift in Sources */ = {isa = PBXBuildFile; fileRef = AA66978921E347D80078B4AA /* HXPageContentView.swift */; };
		AA66978F21E3525C0078B4AA /* DetailViewController.swift in Sources */ = {isa = PBXBuildFile; fileRef = AA66978D21E3525C0078B4AA /* DetailViewController.swift */; };
		AA66979021E3525C0078B4AA /* DetailViewController.xib in Resources */ = {isa = PBXBuildFile; fileRef = AA66978E21E3525C0078B4AA /* DetailViewController.xib */; };
		AAE5B5D921E7310600FD3D25 /* DemoMatchViewController.swift in Sources */ = {isa = PBXBuildFile; fileRef = AAE5B5D821E7310600FD3D25 /* DemoMatchViewController.swift */; };
		AAE5B5DB21E7311400FD3D25 /* DemoSubPageViewController.swift in Sources */ = {isa = PBXBuildFile; fileRef = AAE5B5DA21E7311400FD3D25 /* DemoSubPageViewController.swift */; };
		AAE5B5DD21E745FB00FD3D25 /* HXPageViewController.swift in Sources */ = {isa = PBXBuildFile; fileRef = AAE5B5DC21E745FB00FD3D25 /* HXPageViewController.swift */; };
		AAFD789F21E5D57800C4EA78 /* HXPageTabBarItem.swift in Sources */ = {isa = PBXBuildFile; fileRef = AAFD789E21E5D57800C4EA78 /* HXPageTabBarItem.swift */; };
/* End PBXBuildFile section */

/* Begin PBXFileReference section */
		030B8F9823596A1400A5AA36 /* FeedLowHomePageViewController.swift */ = {isa = PBXFileReference; lastKnownFileType = sourcecode.swift; path = FeedLowHomePageViewController.swift; sourceTree = "<group>"; };
		0364F6412359B45400308722 /* RecommendPageViewController.swift */ = {isa = PBXFileReference; lastKnownFileType = sourcecode.swift; path = RecommendPageViewController.swift; sourceTree = "<group>"; };
		0364F644235D5AC800308722 /* FeedLowDataCenter.swift */ = {isa = PBXFileReference; lastKnownFileType = sourcecode.swift; path = FeedLowDataCenter.swift; sourceTree = "<group>"; };
		0364F647235DDC0C00308722 /* LLViewExtensions.swift */ = {isa = PBXFileReference; fileEncoding = 4; lastKnownFileType = sourcecode.swift; path = LLViewExtensions.swift; sourceTree = "<group>"; };
		0364F648235DDC0C00308722 /* LLPillPageControl.swift */ = {isa = PBXFileReference; fileEncoding = 4; lastKnownFileType = sourcecode.swift; path = LLPillPageControl.swift; sourceTree = "<group>"; };
		0364F649235DDC0C00308722 /* LLCycleScrollView.swift */ = {isa = PBXFileReference; fileEncoding = 4; lastKnownFileType = sourcecode.swift; path = LLCycleScrollView.swift; sourceTree = "<group>"; };
		0364F64A235DDC0C00308722 /* LLSnakePageControl.swift */ = {isa = PBXFileReference; fileEncoding = 4; lastKnownFileType = sourcecode.swift; path = LLSnakePageControl.swift; sourceTree = "<group>"; };
		0364F64B235DDC0C00308722 /* LLCycleScrollViewCell.swift */ = {isa = PBXFileReference; fileEncoding = 4; lastKnownFileType = sourcecode.swift; path = LLCycleScrollViewCell.swift; sourceTree = "<group>"; };
		0364F64C235DDC0C00308722 /* LLFilledPageControl.swift */ = {isa = PBXFileReference; fileEncoding = 4; lastKnownFileType = sourcecode.swift; path = LLFilledPageControl.swift; sourceTree = "<group>"; };
		0364F64D235DDC0C00308722 /* LLImagePageControl.swift */ = {isa = PBXFileReference; fileEncoding = 4; lastKnownFileType = sourcecode.swift; path = LLImagePageControl.swift; sourceTree = "<group>"; };
		0364F656235EA63C00308722 /* DataCenterModeles.swift */ = {isa = PBXFileReference; lastKnownFileType = sourcecode.swift; path = DataCenterModeles.swift; sourceTree = "<group>"; };
		0364F65A235EA69000308722 /* ArrayExtension.swift */ = {isa = PBXFileReference; lastKnownFileType = sourcecode.swift; path = ArrayExtension.swift; sourceTree = "<group>"; };
		0364F65C235EB16000308722 /* DataCenter.swift */ = {isa = PBXFileReference; lastKnownFileType = sourcecode.swift; path = DataCenter.swift; sourceTree = "<group>"; };
		0364F65F235EDA3100308722 /* FeedLowCell.swift */ = {isa = PBXFileReference; lastKnownFileType = sourcecode.swift; path = FeedLowCell.swift; sourceTree = "<group>"; };
		0364F663235EE1E000308722 /* UICollectionView+Reusable.swift */ = {isa = PBXFileReference; fileEncoding = 4; lastKnownFileType = sourcecode.swift; path = "UICollectionView+Reusable.swift"; sourceTree = "<group>"; };
		0364F664235EE1E000308722 /* Reusable.swift */ = {isa = PBXFileReference; fileEncoding = 4; lastKnownFileType = sourcecode.swift; path = Reusable.swift; sourceTree = "<group>"; };
		0364F665235EE1E000308722 /* UITableView+Reusable.swift */ = {isa = PBXFileReference; fileEncoding = 4; lastKnownFileType = sourcecode.swift; path = "UITableView+Reusable.swift"; sourceTree = "<group>"; };
		0364F666235EE1E000308722 /* NibLoadable.swift */ = {isa = PBXFileReference; fileEncoding = 4; lastKnownFileType = sourcecode.swift; path = NibLoadable.swift; sourceTree = "<group>"; };
		0364F667235EE1E000308722 /* NibOwnerLoadable.swift */ = {isa = PBXFileReference; fileEncoding = 4; lastKnownFileType = sourcecode.swift; path = NibOwnerLoadable.swift; sourceTree = "<group>"; };
		0364F669235EE1E000308722 /* StoryboardSceneBased.swift */ = {isa = PBXFileReference; fileEncoding = 4; lastKnownFileType = sourcecode.swift; path = StoryboardSceneBased.swift; sourceTree = "<group>"; };
		0364F66A235EE1E000308722 /* StoryboardBased.swift */ = {isa = PBXFileReference; fileEncoding = 4; lastKnownFileType = sourcecode.swift; path = StoryboardBased.swift; sourceTree = "<group>"; };
		0364F672235EE53200308722 /* LayoutDefine.swift */ = {isa = PBXFileReference; lastKnownFileType = sourcecode.swift; path = LayoutDefine.swift; sourceTree = "<group>"; };
		0364F6822360213600308722 /* ChannelUnitModel.m */ = {isa = PBXFileReference; fileEncoding = 4; lastKnownFileType = sourcecode.c.objc; path = ChannelUnitModel.m; sourceTree = "<group>"; };
		0364F6832360213600308722 /* TouchView.m */ = {isa = PBXFileReference; fileEncoding = 4; lastKnownFileType = sourcecode.c.objc; path = TouchView.m; sourceTree = "<group>"; };
		0364F6842360213600308722 /* ChannelUnitModel.h */ = {isa = PBXFileReference; fileEncoding = 4; lastKnownFileType = sourcecode.c.h; path = ChannelUnitModel.h; sourceTree = "<group>"; };
		0364F6852360213600308722 /* ChannelEditController.h */ = {isa = PBXFileReference; fileEncoding = 4; lastKnownFileType = sourcecode.c.h; path = ChannelEditController.h; sourceTree = "<group>"; };
		0364F6862360213600308722 /* ChannelEditController.m */ = {isa = PBXFileReference; fileEncoding = 4; lastKnownFileType = sourcecode.c.objc; path = ChannelEditController.m; sourceTree = "<group>"; };
		0364F6872360213700308722 /* TouchView.h */ = {isa = PBXFileReference; fileEncoding = 4; lastKnownFileType = sourcecode.c.h; path = TouchView.h; sourceTree = "<group>"; };
		0364F68F236025B400308722 /* ChannelModelCreater.swift */ = {isa = PBXFileReference; lastKnownFileType = sourcecode.swift; path = ChannelModelCreater.swift; sourceTree = "<group>"; };
		0364F694236026ED00308722 /* Channel-bridging-Header.h */ = {isa = PBXFileReference; lastKnownFileType = sourcecode.c.h; path = "Channel-bridging-Header.h"; sourceTree = "<group>"; };
		0364F6952360279F00308722 /* FeedLowHomeChannelConfig.swift */ = {isa = PBXFileReference; lastKnownFileType = sourcecode.swift; path = FeedLowHomeChannelConfig.swift; sourceTree = "<group>"; };
		19528DCC29EE44B3B4CED405 /* Pods_HXPageViewController.framework */ = {isa = PBXFileReference; explicitFileType = wrapper.framework; includeInIndex = 0; path = Pods_HXPageViewController.framework; sourceTree = BUILT_PRODUCTS_DIR; };
		40DD965088059F7BF72B7099 /* Pods-HXPageViewController.release.xcconfig */ = {isa = PBXFileReference; includeInIndex = 1; lastKnownFileType = text.xcconfig; name = "Pods-HXPageViewController.release.xcconfig"; path = "Target Support Files/Pods-HXPageViewController/Pods-HXPageViewController.release.xcconfig"; sourceTree = "<group>"; };
		936B80CB2E75640FC08F862D /* Pods-HXPageViewController.debug.xcconfig */ = {isa = PBXFileReference; includeInIndex = 1; lastKnownFileType = text.xcconfig; name = "Pods-HXPageViewController.debug.xcconfig"; path = "Target Support Files/Pods-HXPageViewController/Pods-HXPageViewController.debug.xcconfig"; sourceTree = "<group>"; };
		AA32AE3821E89EA500516BAE /* DemoChildPageViewController.swift */ = {isa = PBXFileReference; lastKnownFileType = sourcecode.swift; path = DemoChildPageViewController.swift; sourceTree = "<group>"; };
		AA64C21E21E4443C00A24C71 /* DemoLoadMoreViewController.swift */ = {isa = PBXFileReference; lastKnownFileType = sourcecode.swift; path = DemoLoadMoreViewController.swift; sourceTree = "<group>"; };
		AA64C22021E4575D00A24C71 /* DemoTabBarViewController.swift */ = {isa = PBXFileReference; lastKnownFileType = sourcecode.swift; path = DemoTabBarViewController.swift; sourceTree = "<group>"; };
		AA64C22221E45B3E00A24C71 /* HXPageTabBar.swift */ = {isa = PBXFileReference; lastKnownFileType = sourcecode.swift; path = HXPageTabBar.swift; sourceTree = "<group>"; };
		AA66976F21E344790078B4AA /* HXPageViewController.app */ = {isa = PBXFileReference; explicitFileType = wrapper.application; includeInIndex = 0; path = HXPageViewController.app; sourceTree = BUILT_PRODUCTS_DIR; };
		AA66977221E344790078B4AA /* AppDelegate.swift */ = {isa = PBXFileReference; lastKnownFileType = sourcecode.swift; path = AppDelegate.swift; sourceTree = "<group>"; };
		AA66977721E344790078B4AA /* Base */ = {isa = PBXFileReference; lastKnownFileType = file.storyboard; name = Base; path = Base.lproj/Main.storyboard; sourceTree = "<group>"; };
		AA66977921E3447A0078B4AA /* Assets.xcassets */ = {isa = PBXFileReference; lastKnownFileType = folder.assetcatalog; path = Assets.xcassets; sourceTree = "<group>"; };
		AA66977C21E3447A0078B4AA /* Base */ = {isa = PBXFileReference; lastKnownFileType = file.storyboard; name = Base; path = Base.lproj/LaunchScreen.storyboard; sourceTree = "<group>"; };
		AA66977E21E3447A0078B4AA /* Info.plist */ = {isa = PBXFileReference; lastKnownFileType = text.plist.xml; path = Info.plist; sourceTree = "<group>"; };
		AA66978421E346D10078B4AA /* DemoContainerViewController.swift */ = {isa = PBXFileReference; lastKnownFileType = sourcecode.swift; path = DemoContainerViewController.swift; sourceTree = "<group>"; };
		AA66978621E3470D0078B4AA /* HXPageContainer.swift */ = {isa = PBXFileReference; lastKnownFileType = sourcecode.swift; path = HXPageContainer.swift; sourceTree = "<group>"; };
		AA66978921E347D80078B4AA /* HXPageContentView.swift */ = {isa = PBXFileReference; lastKnownFileType = sourcecode.swift; path = HXPageContentView.swift; sourceTree = "<group>"; };
		AA66978D21E3525C0078B4AA /* DetailViewController.swift */ = {isa = PBXFileReference; lastKnownFileType = sourcecode.swift; path = DetailViewController.swift; sourceTree = "<group>"; };
		AA66978E21E3525C0078B4AA /* DetailViewController.xib */ = {isa = PBXFileReference; lastKnownFileType = file.xib; path = DetailViewController.xib; sourceTree = "<group>"; };
		AAE5B5D821E7310600FD3D25 /* DemoMatchViewController.swift */ = {isa = PBXFileReference; lastKnownFileType = sourcecode.swift; path = DemoMatchViewController.swift; sourceTree = "<group>"; };
		AAE5B5DA21E7311400FD3D25 /* DemoSubPageViewController.swift */ = {isa = PBXFileReference; lastKnownFileType = sourcecode.swift; path = DemoSubPageViewController.swift; sourceTree = "<group>"; };
		AAE5B5DC21E745FB00FD3D25 /* HXPageViewController.swift */ = {isa = PBXFileReference; lastKnownFileType = sourcecode.swift; path = HXPageViewController.swift; sourceTree = "<group>"; };
		AAFD789E21E5D57800C4EA78 /* HXPageTabBarItem.swift */ = {isa = PBXFileReference; lastKnownFileType = sourcecode.swift; path = HXPageTabBarItem.swift; sourceTree = "<group>"; };
/* End PBXFileReference section */

/* Begin PBXFrameworksBuildPhase section */
		AA66976C21E344790078B4AA /* Frameworks */ = {
			isa = PBXFrameworksBuildPhase;
			buildActionMask = 2147483647;
			files = (
				68839871BC4E494CA9409C69 /* Pods_HXPageViewController.framework in Frameworks */,
			);
			runOnlyForDeploymentPostprocessing = 0;
		};
/* End PBXFrameworksBuildPhase section */

/* Begin PBXGroup section */
		030B8F97235969C100A5AA36 /* FeedLowCompent */ = {
			isa = PBXGroup;
			children = (
				030B8F9823596A1400A5AA36 /* FeedLowHomePageViewController.swift */,
				0364F6952360279F00308722 /* FeedLowHomeChannelConfig.swift */,
				0364F655235EA61300308722 /* DataModels */,
				0364F643235D4ED200308722 /* DataSources */,
				0364F6402359B41F00308722 /* RecommendPages */,
				0364F65E235EDA0400308722 /* ReUseCell */,
			);
			path = FeedLowCompent;
			sourceTree = "<group>";
		};
		0364F6402359B41F00308722 /* RecommendPages */ = {
			isa = PBXGroup;
			children = (
				0364F6412359B45400308722 /* RecommendPageViewController.swift */,
			);
			path = RecommendPages;
			sourceTree = "<group>";
		};
		0364F643235D4ED200308722 /* DataSources */ = {
			isa = PBXGroup;
			children = (
				0364F65C235EB16000308722 /* DataCenter.swift */,
				0364F644235D5AC800308722 /* FeedLowDataCenter.swift */,
			);
			path = DataSources;
			sourceTree = "<group>";
		};
		0364F646235DDC0C00308722 /* LLCycleScrollView */ = {
			isa = PBXGroup;
			children = (
				0364F647235DDC0C00308722 /* LLViewExtensions.swift */,
				0364F648235DDC0C00308722 /* LLPillPageControl.swift */,
				0364F649235DDC0C00308722 /* LLCycleScrollView.swift */,
				0364F64A235DDC0C00308722 /* LLSnakePageControl.swift */,
				0364F64B235DDC0C00308722 /* LLCycleScrollViewCell.swift */,
				0364F64C235DDC0C00308722 /* LLFilledPageControl.swift */,
				0364F64D235DDC0C00308722 /* LLImagePageControl.swift */,
			);
			path = LLCycleScrollView;
			sourceTree = "<group>";
		};
		0364F655235EA61300308722 /* DataModels */ = {
			isa = PBXGroup;
			children = (
				0364F656235EA63C00308722 /* DataCenterModeles.swift */,
			);
			path = DataModels;
			sourceTree = "<group>";
		};
		0364F658235EA67800308722 /* Extension */ = {
			isa = PBXGroup;
			children = (
				0364F661235EE1BF00308722 /* TableViewReuse */,
				0364F659235EA67F00308722 /* Array */,
			);
			path = Extension;
			sourceTree = "<group>";
		};
		0364F659235EA67F00308722 /* Array */ = {
			isa = PBXGroup;
			children = (
				0364F65A235EA69000308722 /* ArrayExtension.swift */,
			);
			path = Array;
			sourceTree = "<group>";
		};
		0364F65E235EDA0400308722 /* ReUseCell */ = {
			isa = PBXGroup;
			children = (
				0364F672235EE53200308722 /* LayoutDefine.swift */,
				0364F65F235EDA3100308722 /* FeedLowCell.swift */,
			);
			path = ReUseCell;
			sourceTree = "<group>";
		};
		0364F661235EE1BF00308722 /* TableViewReuse */ = {
			isa = PBXGroup;
			children = (
				0364F668235EE1E000308722 /* Storyboard */,
				0364F662235EE1E000308722 /* View */,
			);
			path = TableViewReuse;
			sourceTree = "<group>";
		};
		0364F662235EE1E000308722 /* View */ = {
			isa = PBXGroup;
			children = (
				0364F663235EE1E000308722 /* UICollectionView+Reusable.swift */,
				0364F664235EE1E000308722 /* Reusable.swift */,
				0364F665235EE1E000308722 /* UITableView+Reusable.swift */,
				0364F666235EE1E000308722 /* NibLoadable.swift */,
				0364F667235EE1E000308722 /* NibOwnerLoadable.swift */,
			);
			path = View;
			sourceTree = "<group>";
		};
		0364F668235EE1E000308722 /* Storyboard */ = {
			isa = PBXGroup;
			children = (
				0364F669235EE1E000308722 /* StoryboardSceneBased.swift */,
				0364F66A235EE1E000308722 /* StoryboardBased.swift */,
			);
			path = Storyboard;
			sourceTree = "<group>";
		};
		0364F676235FFB3500308722 /* ChannelEditController */ = {
			isa = PBXGroup;
			children = (
				0364F68F236025B400308722 /* ChannelModelCreater.swift */,
				0364F6842360213600308722 /* ChannelUnitModel.h */,
				0364F6822360213600308722 /* ChannelUnitModel.m */,
				0364F6852360213600308722 /* ChannelEditController.h */,
				0364F6862360213600308722 /* ChannelEditController.m */,
				0364F6872360213700308722 /* TouchView.h */,
				0364F6832360213600308722 /* TouchView.m */,
				0364F694236026ED00308722 /* Channel-bridging-Header.h */,
			);
			path = ChannelEditController;
			sourceTree = "<group>";
		};
		AA66976621E344790078B4AA = {
			isa = PBXGroup;
			children = (
				AA66977121E344790078B4AA /* HXPageViewController */,
				AA66977021E344790078B4AA /* Products */,
				AE77BEAD7DB07D564D4DC48A /* Pods */,
				AF2014619D480474DCD9BFD4 /* Frameworks */,
			);
			sourceTree = "<group>";
		};
		AA66977021E344790078B4AA /* Products */ = {
			isa = PBXGroup;
			children = (
				AA66976F21E344790078B4AA /* HXPageViewController.app */,
			);
			name = Products;
			sourceTree = "<group>";
		};
		AA66977121E344790078B4AA /* HXPageViewController */ = {
			isa = PBXGroup;
			children = (
				0364F646235DDC0C00308722 /* LLCycleScrollView */,
				AA66978821E347130078B4AA /* HXPageViewController */,
				0364F658235EA67800308722 /* Extension */,
				030B8F97235969C100A5AA36 /* FeedLowCompent */,
				0364F676235FFB3500308722 /* ChannelEditController */,
				AA64C21E21E4443C00A24C71 /* DemoLoadMoreViewController.swift */,
				AA66978421E346D10078B4AA /* DemoContainerViewController.swift */,
				AA66977221E344790078B4AA /* AppDelegate.swift */,
				AA64C22021E4575D00A24C71 /* DemoTabBarViewController.swift */,
				AAE5B5D821E7310600FD3D25 /* DemoMatchViewController.swift */,
				AAE5B5DA21E7311400FD3D25 /* DemoSubPageViewController.swift */,
				AA32AE3821E89EA500516BAE /* DemoChildPageViewController.swift */,
				AA66978D21E3525C0078B4AA /* DetailViewController.swift */,
				AA66978E21E3525C0078B4AA /* DetailViewController.xib */,
				AA66977621E344790078B4AA /* Main.storyboard */,
				AA66977921E3447A0078B4AA /* Assets.xcassets */,
				AA66977B21E3447A0078B4AA /* LaunchScreen.storyboard */,
				AA66977E21E3447A0078B4AA /* Info.plist */,
			);
			path = HXPageViewController;
			sourceTree = "<group>";
		};
		AA66978821E347130078B4AA /* HXPageViewController */ = {
			isa = PBXGroup;
			children = (
				AA66978621E3470D0078B4AA /* HXPageContainer.swift */,
				AA66978921E347D80078B4AA /* HXPageContentView.swift */,
				AA64C22221E45B3E00A24C71 /* HXPageTabBar.swift */,
				AAFD789E21E5D57800C4EA78 /* HXPageTabBarItem.swift */,
				AAE5B5DC21E745FB00FD3D25 /* HXPageViewController.swift */,
			);
			path = HXPageViewController;
			sourceTree = "<group>";
		};
		AE77BEAD7DB07D564D4DC48A /* Pods */ = {
			isa = PBXGroup;
			children = (
				936B80CB2E75640FC08F862D /* Pods-HXPageViewController.debug.xcconfig */,
				40DD965088059F7BF72B7099 /* Pods-HXPageViewController.release.xcconfig */,
			);
			path = Pods;
			sourceTree = "<group>";
		};
		AF2014619D480474DCD9BFD4 /* Frameworks */ = {
			isa = PBXGroup;
			children = (
				19528DCC29EE44B3B4CED405 /* Pods_HXPageViewController.framework */,
			);
			name = Frameworks;
			sourceTree = "<group>";
		};
/* End PBXGroup section */

/* Begin PBXNativeTarget section */
		AA66976E21E344790078B4AA /* HXPageViewController */ = {
			isa = PBXNativeTarget;
			buildConfigurationList = AA66978121E3447A0078B4AA /* Build configuration list for PBXNativeTarget "HXPageViewController" */;
			buildPhases = (
				91220A08E17167C77F27861C /* [CP] Check Pods Manifest.lock */,
				AA66976B21E344790078B4AA /* Sources */,
				AA66976C21E344790078B4AA /* Frameworks */,
				AA66976D21E344790078B4AA /* Resources */,
				8F07E6039800CF0EE28EC3FE /* [CP] Embed Pods Frameworks */,
			);
			buildRules = (
			);
			dependencies = (
			);
			name = HXPageViewController;
			productName = HXPageViewController;
			productReference = AA66976F21E344790078B4AA /* HXPageViewController.app */;
			productType = "com.apple.product-type.application";
		};
/* End PBXNativeTarget section */

/* Begin PBXProject section */
		AA66976721E344790078B4AA /* Project object */ = {
			isa = PBXProject;
			attributes = {
				LastSwiftUpdateCheck = 1010;
				LastUpgradeCheck = 1010;
				ORGANIZATIONNAME = WHX;
				TargetAttributes = {
					AA66976E21E344790078B4AA = {
						CreatedOnToolsVersion = 10.1;
						LastSwiftMigration = 1110;
					};
				};
			};
			buildConfigurationList = AA66976A21E344790078B4AA /* Build configuration list for PBXProject "HXPageViewController" */;
			compatibilityVersion = "Xcode 9.3";
			developmentRegion = en;
			hasScannedForEncodings = 0;
			knownRegions = (
				en,
				Base,
			);
			mainGroup = AA66976621E344790078B4AA;
			productRefGroup = AA66977021E344790078B4AA /* Products */;
			projectDirPath = "";
			projectRoot = "";
			targets = (
				AA66976E21E344790078B4AA /* HXPageViewController */,
			);
		};
/* End PBXProject section */

/* Begin PBXResourcesBuildPhase section */
		AA66976D21E344790078B4AA /* Resources */ = {
			isa = PBXResourcesBuildPhase;
			buildActionMask = 2147483647;
			files = (
				AA66977D21E3447A0078B4AA /* LaunchScreen.storyboard in Resources */,
				AA66977A21E3447A0078B4AA /* Assets.xcassets in Resources */,
				AA66977821E344790078B4AA /* Main.storyboard in Resources */,
				AA66979021E3525C0078B4AA /* DetailViewController.xib in Resources */,
			);
			runOnlyForDeploymentPostprocessing = 0;
		};
/* End PBXResourcesBuildPhase section */

/* Begin PBXShellScriptBuildPhase section */
		8F07E6039800CF0EE28EC3FE /* [CP] Embed Pods Frameworks */ = {
			isa = PBXShellScriptBuildPhase;
			buildActionMask = 2147483647;
			files = (
			);
			inputFileListPaths = (
				"${PODS_ROOT}/Target Support Files/Pods-HXPageViewController/Pods-HXPageViewController-frameworks-${CONFIGURATION}-input-files.xcfilelist",
			);
			name = "[CP] Embed Pods Frameworks";
			outputFileListPaths = (
				"${PODS_ROOT}/Target Support Files/Pods-HXPageViewController/Pods-HXPageViewController-frameworks-${CONFIGURATION}-output-files.xcfilelist",
			);
			runOnlyForDeploymentPostprocessing = 0;
			shellPath = /bin/sh;
			shellScript = "\"${PODS_ROOT}/Target Support Files/Pods-HXPageViewController/Pods-HXPageViewController-frameworks.sh\"\n";
			showEnvVarsInLog = 0;
		};
		91220A08E17167C77F27861C /* [CP] Check Pods Manifest.lock */ = {
			isa = PBXShellScriptBuildPhase;
			buildActionMask = 2147483647;
			files = (
			);
			inputFileListPaths = (
			);
			inputPaths = (
				"${PODS_PODFILE_DIR_PATH}/Podfile.lock",
				"${PODS_ROOT}/Manifest.lock",
			);
			name = "[CP] Check Pods Manifest.lock";
			outputFileListPaths = (
			);
			outputPaths = (
				"$(DERIVED_FILE_DIR)/Pods-HXPageViewController-checkManifestLockResult.txt",
			);
			runOnlyForDeploymentPostprocessing = 0;
			shellPath = /bin/sh;
			shellScript = "diff \"${PODS_PODFILE_DIR_PATH}/Podfile.lock\" \"${PODS_ROOT}/Manifest.lock\" > /dev/null\nif [ $? != 0 ] ; then\n    # print error to STDERR\n    echo \"error: The sandbox is not in sync with the Podfile.lock. Run 'pod install' or update your CocoaPods installation.\" >&2\n    exit 1\nfi\n# This output is used by Xcode 'outputs' to avoid re-running this script phase.\necho \"SUCCESS\" > \"${SCRIPT_OUTPUT_FILE_0}\"\n";
			showEnvVarsInLog = 0;
		};
/* End PBXShellScriptBuildPhase section */

/* Begin PBXSourcesBuildPhase section */
		AA66976B21E344790078B4AA /* Sources */ = {
			isa = PBXSourcesBuildPhase;
			buildActionMask = 2147483647;
			files = (
				0364F68B2360213700308722 /* ChannelEditController.m in Sources */,
				0364F65B235EA69000308722 /* ArrayExtension.swift in Sources */,
				AA64C22121E4575D00A24C71 /* DemoTabBarViewController.swift in Sources */,
				0364F654235DDC0D00308722 /* LLImagePageControl.swift in Sources */,
				0364F6892360213700308722 /* ChannelUnitModel.m in Sources */,
				0364F68A2360213700308722 /* TouchView.m in Sources */,
				0364F673235EE53200308722 /* LayoutDefine.swift in Sources */,
				0364F64F235DDC0D00308722 /* LLPillPageControl.swift in Sources */,
				AAE5B5DD21E745FB00FD3D25 /* HXPageViewController.swift in Sources */,
				0364F6962360279F00308722 /* FeedLowHomeChannelConfig.swift in Sources */,
				0364F66B235EE1E000308722 /* UICollectionView+Reusable.swift in Sources */,
				0364F657235EA63C00308722 /* DataCenterModeles.swift in Sources */,
				AAE5B5DB21E7311400FD3D25 /* DemoSubPageViewController.swift in Sources */,
				0364F690236025B400308722 /* ChannelModelCreater.swift in Sources */,
				0364F645235D5AC800308722 /* FeedLowDataCenter.swift in Sources */,
				0364F66F235EE1E000308722 /* NibOwnerLoadable.swift in Sources */,
				0364F671235EE1E000308722 /* StoryboardBased.swift in Sources */,
				0364F65D235EB16000308722 /* DataCenter.swift in Sources */,
				0364F66D235EE1E000308722 /* UITableView+Reusable.swift in Sources */,
				0364F6422359B45400308722 /* RecommendPageViewController.swift in Sources */,
				0364F64E235DDC0D00308722 /* LLViewExtensions.swift in Sources */,
				AAE5B5D921E7310600FD3D25 /* DemoMatchViewController.swift in Sources */,
				0364F66E235EE1E000308722 /* NibLoadable.swift in Sources */,
				AA32AE3921E89EA500516BAE /* DemoChildPageViewController.swift in Sources */,
				AAFD789F21E5D57800C4EA78 /* HXPageTabBarItem.swift in Sources */,
				AA66977321E344790078B4AA /* AppDelegate.swift in Sources */,
				0364F651235DDC0D00308722 /* LLSnakePageControl.swift in Sources */,
				0364F670235EE1E000308722 /* StoryboardSceneBased.swift in Sources */,
				030B8F9923596A1400A5AA36 /* FeedLowHomePageViewController.swift in Sources */,
				AA66978A21E347D80078B4AA /* HXPageContentView.swift in Sources */,
				AA66978F21E3525C0078B4AA /* DetailViewController.swift in Sources */,
				AA66978721E3470D0078B4AA /* HXPageContainer.swift in Sources */,
				AA64C21F21E4443C00A24C71 /* DemoLoadMoreViewController.swift in Sources */,
				AA64C22321E45B3E00A24C71 /* HXPageTabBar.swift in Sources */,
				0364F653235DDC0D00308722 /* LLFilledPageControl.swift in Sources */,
				0364F652235DDC0D00308722 /* LLCycleScrollViewCell.swift in Sources */,
				0364F650235DDC0D00308722 /* LLCycleScrollView.swift in Sources */,
				0364F66C235EE1E000308722 /* Reusable.swift in Sources */,
				0364F660235EDA3100308722 /* FeedLowCell.swift in Sources */,
				AA66978521E346D10078B4AA /* DemoContainerViewController.swift in Sources */,
			);
			runOnlyForDeploymentPostprocessing = 0;
		};
/* End PBXSourcesBuildPhase section */

/* Begin PBXVariantGroup section */
		AA66977621E344790078B4AA /* Main.storyboard */ = {
			isa = PBXVariantGroup;
			children = (
				AA66977721E344790078B4AA /* Base */,
			);
			name = Main.storyboard;
			sourceTree = "<group>";
		};
		AA66977B21E3447A0078B4AA /* LaunchScreen.storyboard */ = {
			isa = PBXVariantGroup;
			children = (
				AA66977C21E3447A0078B4AA /* Base */,
			);
			name = LaunchScreen.storyboard;
			sourceTree = "<group>";
		};
/* End PBXVariantGroup section */

/* Begin XCBuildConfiguration section */
		AA66977F21E3447A0078B4AA /* Debug */ = {
			isa = XCBuildConfiguration;
			buildSettings = {
				ALWAYS_SEARCH_USER_PATHS = NO;
				CLANG_ANALYZER_NONNULL = YES;
				CLANG_ANALYZER_NUMBER_OBJECT_CONVERSION = YES_AGGRESSIVE;
				CLANG_CXX_LANGUAGE_STANDARD = "gnu++14";
				CLANG_CXX_LIBRARY = "libc++";
				CLANG_ENABLE_MODULES = YES;
				CLANG_ENABLE_OBJC_ARC = YES;
				CLANG_ENABLE_OBJC_WEAK = YES;
				CLANG_WARN_BLOCK_CAPTURE_AUTORELEASING = YES;
				CLANG_WARN_BOOL_CONVERSION = YES;
				CLANG_WARN_COMMA = YES;
				CLANG_WARN_CONSTANT_CONVERSION = YES;
				CLANG_WARN_DEPRECATED_OBJC_IMPLEMENTATIONS = YES;
				CLANG_WARN_DIRECT_OBJC_ISA_USAGE = YES_ERROR;
				CLANG_WARN_DOCUMENTATION_COMMENTS = YES;
				CLANG_WARN_EMPTY_BODY = YES;
				CLANG_WARN_ENUM_CONVERSION = YES;
				CLANG_WARN_INFINITE_RECURSION = YES;
				CLANG_WARN_INT_CONVERSION = YES;
				CLANG_WARN_NON_LITERAL_NULL_CONVERSION = YES;
				CLANG_WARN_OBJC_IMPLICIT_RETAIN_SELF = YES;
				CLANG_WARN_OBJC_LITERAL_CONVERSION = YES;
				CLANG_WARN_OBJC_ROOT_CLASS = YES_ERROR;
				CLANG_WARN_RANGE_LOOP_ANALYSIS = YES;
				CLANG_WARN_STRICT_PROTOTYPES = YES;
				CLANG_WARN_SUSPICIOUS_MOVE = YES;
				CLANG_WARN_UNGUARDED_AVAILABILITY = YES_AGGRESSIVE;
				CLANG_WARN_UNREACHABLE_CODE = YES;
				CLANG_WARN__DUPLICATE_METHOD_MATCH = YES;
				CODE_SIGN_IDENTITY = "iPhone Developer";
				COPY_PHASE_STRIP = NO;
				DEBUG_INFORMATION_FORMAT = dwarf;
				ENABLE_STRICT_OBJC_MSGSEND = YES;
				ENABLE_TESTABILITY = YES;
				GCC_C_LANGUAGE_STANDARD = gnu11;
				GCC_DYNAMIC_NO_PIC = NO;
				GCC_NO_COMMON_BLOCKS = YES;
				GCC_OPTIMIZATION_LEVEL = 0;
				GCC_PREPROCESSOR_DEFINITIONS = (
					"DEBUG=1",
					"$(inherited)",
				);
				GCC_WARN_64_TO_32_BIT_CONVERSION = YES;
				GCC_WARN_ABOUT_RETURN_TYPE = YES_ERROR;
				GCC_WARN_UNDECLARED_SELECTOR = YES;
				GCC_WARN_UNINITIALIZED_AUTOS = YES_AGGRESSIVE;
				GCC_WARN_UNUSED_FUNCTION = YES;
				GCC_WARN_UNUSED_VARIABLE = YES;
				IPHONEOS_DEPLOYMENT_TARGET = 12.1;
				MTL_ENABLE_DEBUG_INFO = INCLUDE_SOURCE;
				MTL_FAST_MATH = YES;
				ONLY_ACTIVE_ARCH = YES;
				SDKROOT = iphoneos;
				SWIFT_ACTIVE_COMPILATION_CONDITIONS = DEBUG;
				SWIFT_OPTIMIZATION_LEVEL = "-Onone";
				SWIFT_VERSION = 5.0;
			};
			name = Debug;
		};
		AA66978021E3447A0078B4AA /* Release */ = {
			isa = XCBuildConfiguration;
			buildSettings = {
				ALWAYS_SEARCH_USER_PATHS = NO;
				CLANG_ANALYZER_NONNULL = YES;
				CLANG_ANALYZER_NUMBER_OBJECT_CONVERSION = YES_AGGRESSIVE;
				CLANG_CXX_LANGUAGE_STANDARD = "gnu++14";
				CLANG_CXX_LIBRARY = "libc++";
				CLANG_ENABLE_MODULES = YES;
				CLANG_ENABLE_OBJC_ARC = YES;
				CLANG_ENABLE_OBJC_WEAK = YES;
				CLANG_WARN_BLOCK_CAPTURE_AUTORELEASING = YES;
				CLANG_WARN_BOOL_CONVERSION = YES;
				CLANG_WARN_COMMA = YES;
				CLANG_WARN_CONSTANT_CONVERSION = YES;
				CLANG_WARN_DEPRECATED_OBJC_IMPLEMENTATIONS = YES;
				CLANG_WARN_DIRECT_OBJC_ISA_USAGE = YES_ERROR;
				CLANG_WARN_DOCUMENTATION_COMMENTS = YES;
				CLANG_WARN_EMPTY_BODY = YES;
				CLANG_WARN_ENUM_CONVERSION = YES;
				CLANG_WARN_INFINITE_RECURSION = YES;
				CLANG_WARN_INT_CONVERSION = YES;
				CLANG_WARN_NON_LITERAL_NULL_CONVERSION = YES;
				CLANG_WARN_OBJC_IMPLICIT_RETAIN_SELF = YES;
				CLANG_WARN_OBJC_LITERAL_CONVERSION = YES;
				CLANG_WARN_OBJC_ROOT_CLASS = YES_ERROR;
				CLANG_WARN_RANGE_LOOP_ANALYSIS = YES;
				CLANG_WARN_STRICT_PROTOTYPES = YES;
				CLANG_WARN_SUSPICIOUS_MOVE = YES;
				CLANG_WARN_UNGUARDED_AVAILABILITY = YES_AGGRESSIVE;
				CLANG_WARN_UNREACHABLE_CODE = YES;
				CLANG_WARN__DUPLICATE_METHOD_MATCH = YES;
				CODE_SIGN_IDENTITY = "iPhone Developer";
				COPY_PHASE_STRIP = NO;
				DEBUG_INFORMATION_FORMAT = "dwarf-with-dsym";
				ENABLE_NS_ASSERTIONS = NO;
				ENABLE_STRICT_OBJC_MSGSEND = YES;
				GCC_C_LANGUAGE_STANDARD = gnu11;
				GCC_NO_COMMON_BLOCKS = YES;
				GCC_WARN_64_TO_32_BIT_CONVERSION = YES;
				GCC_WARN_ABOUT_RETURN_TYPE = YES_ERROR;
				GCC_WARN_UNDECLARED_SELECTOR = YES;
				GCC_WARN_UNINITIALIZED_AUTOS = YES_AGGRESSIVE;
				GCC_WARN_UNUSED_FUNCTION = YES;
				GCC_WARN_UNUSED_VARIABLE = YES;
				IPHONEOS_DEPLOYMENT_TARGET = 12.1;
				MTL_ENABLE_DEBUG_INFO = NO;
				MTL_FAST_MATH = YES;
				SDKROOT = iphoneos;
				SWIFT_COMPILATION_MODE = wholemodule;
				SWIFT_OPTIMIZATION_LEVEL = "-O";
				SWIFT_VERSION = 5.0;
				VALIDATE_PRODUCT = YES;
			};
			name = Release;
		};
		AA66978221E3447A0078B4AA /* Debug */ = {
			isa = XCBuildConfiguration;
			baseConfigurationReference = 936B80CB2E75640FC08F862D /* Pods-HXPageViewController.debug.xcconfig */;
			buildSettings = {
				ASSETCATALOG_COMPILER_APPICON_NAME = AppIcon;
				CLANG_ENABLE_MODULES = YES;
				CODE_SIGN_STYLE = Automatic;
				DEVELOPMENT_TEAM = 8L8TDBU7CV;
				INFOPLIST_FILE = HXPageViewController/Info.plist;
				IPHONEOS_DEPLOYMENT_TARGET = 9.0;
				LD_RUNPATH_SEARCH_PATHS = (
					"$(inherited)",
					"@executable_path/Frameworks",
				);
				PRODUCT_BUNDLE_IDENTIFIER = com.yingxiang.HXPageViewController;
				PRODUCT_NAME = "$(TARGET_NAME)";
				SWIFT_OBJC_BRIDGING_HEADER = "HXPageViewController/ChannelEditController/Channel-bridging-Header.h";
				SWIFT_OPTIMIZATION_LEVEL = "-Onone";
				SWIFT_VERSION = 5.0;
				TARGETED_DEVICE_FAMILY = "1,2";
			};
			name = Debug;
		};
		AA66978321E3447A0078B4AA /* Release */ = {
			isa = XCBuildConfiguration;
			baseConfigurationReference = 40DD965088059F7BF72B7099 /* Pods-HXPageViewController.release.xcconfig */;
			buildSettings = {
				ASSETCATALOG_COMPILER_APPICON_NAME = AppIcon;
				CLANG_ENABLE_MODULES = YES;
				CODE_SIGN_STYLE = Automatic;
				DEVELOPMENT_TEAM = 8L8TDBU7CV;
				INFOPLIST_FILE = HXPageViewController/Info.plist;
				IPHONEOS_DEPLOYMENT_TARGET = 9.0;
				LD_RUNPATH_SEARCH_PATHS = (
					"$(inherited)",
					"@executable_path/Frameworks",
				);
				PRODUCT_BUNDLE_IDENTIFIER = com.yingxiang.HXPageViewController;
				PRODUCT_NAME = "$(TARGET_NAME)";
				SWIFT_OBJC_BRIDGING_HEADER = "HXPageViewController/ChannelEditController/Channel-bridging-Header.h";
				SWIFT_VERSION = 5.0;
				TARGETED_DEVICE_FAMILY = "1,2";
			};
			name = Release;
		};
/* End XCBuildConfiguration section */

/* Begin XCConfigurationList section */
		AA66976A21E344790078B4AA /* Build configuration list for PBXProject "HXPageViewController" */ = {
			isa = XCConfigurationList;
			buildConfigurations = (
				AA66977F21E3447A0078B4AA /* Debug */,
				AA66978021E3447A0078B4AA /* Release */,
			);
			defaultConfigurationIsVisible = 0;
			defaultConfigurationName = Release;
		};
		AA66978121E3447A0078B4AA /* Build configuration list for PBXNativeTarget "HXPageViewController" */ = {
			isa = XCConfigurationList;
			buildConfigurations = (
				AA66978221E3447A0078B4AA /* Debug */,
				AA66978321E3447A0078B4AA /* Release */,
			);
			defaultConfigurationIsVisible = 0;
			defaultConfigurationName = Release;
		};
/* End XCConfigurationList section */
	};
	rootObject = AA66976721E344790078B4AA /* Project object */;
}
